{
    "_meta": {
        "hash": {
            "sha256": "a9a8b6963e0ccd606f275899244f2394af7187ea6c70ff1118a04b64a288995c"
        },
        "host-environment-markers": {
            "implementation_name": "cpython",
            "implementation_version": "3.6.10",
            "os_name": "posix",
            "platform_machine": "x86_64",
            "platform_python_implementation": "CPython",
            "platform_release": "19.3.0",
            "platform_system": "Darwin",
            "platform_version": "Darwin Kernel Version 19.3.0: Thu Jan  9 20:58:23 PST 2020; root:xnu-6153.81.5~1/RELEASE_X86_64",
            "python_full_version": "3.6.10",
            "python_version": "3.6",
            "sys_platform": "darwin"
        },
        "pipfile-spec": 6,
        "requires": {
            "python_version": "3.8"
        },
        "sources": [
            {
                "name": "pypi",
                "url": "https://pypi.org/simple",
                "verify_ssl": true
            }
        ]
    },
    "default": {
        "antlr4-python3-runtime": {
            "hashes": [],
            "version": "==4.8"
        },
        "cycler": {
            "hashes": [],
            "version": "==0.10.0"
        },
        "graphviz": {
            "hashes": [],
            "version": "==0.14"
        },
        "kiwisolver": {
            "hashes": [],
            "version": "==1.2.0"
        },
        "matplotlib": {
            "hashes": [],
            "version": "==3.2.1"
        },
        "numpy": {
            "hashes": [],
            "version": "==1.18.4"
        },
        "pyparsing": {
            "hashes": [],
            "version": "==2.4.7"
        },
        "python-dateutil": {
            "hashes": [],
            "version": "==2.8.1"
        },
        "six": {
            "hashes": [],
            "version": "==1.14.0"
        }
    },
    "develop": {}
}
